
Microsoft Visual Studio Solution File, Format Version 12.00
# Visual Studio 15
VisualStudioVersion = 15.0.28307.271
MinimumVisualStudioVersion = 10.0.40219.1
Project("{FAE04EC0-301F-11D3-BF4B-00C04F79EFBC}") = "ADO.Net_Connected", "ADO.Net_Connected\ADO.Net_Connected.csproj", "{04DA98CB-1C00-4A15-8834-D9B2779BE593}"
EndProject
Project("{FAE04EC0-301F-11D3-BF4B-00C04F79EFBC}") = "BaglantiOlusturma1", "BaglantiOlusturma1\BaglantiOlusturma1.csproj", "{A45ED352-C98C-4325-891C-D73BE7432A25}"
EndProject
Project("{FAE04EC0-301F-11D3-BF4B-00C04F79EFBC}") = "baglantıkurma2", "baglantıkurma2\baglantıkurma2.csproj", "{F74E0328-3079-44AE-AFB0-5B73FDFD12C1}"
EndProject
Global
	GlobalSection(SolutionConfigurationPlatforms) = preSolution
		Debug|Any CPU = Debug|Any CPU
		Release|Any CPU = Release|Any CPU
	EndGlobalSection
	GlobalSection(ProjectConfigurationPlatforms) = postSolution
		{04DA98CB-1C00-4A15-8834-D9B2779BE593}.Debug|Any CPU.ActiveCfg = Debug|Any CPU
		{04DA98CB-1C00-4A15-8834-D9B2779BE593}.Debug|Any CPU.Build.0 = Debug|Any CPU
		{04DA98CB-1C00-4A15-8834-D9B2779BE593}.Release|Any CPU.ActiveCfg = Release|Any CPU
		{04DA98CB-1C00-4A15-8834-D9B2779BE593}.Release|Any CPU.Build.0 = Release|Any CPU
		{A45ED352-C98C-4325-891C-D73BE7432A25}.Debug|Any CPU.ActiveCfg = Debug|Any CPU
		{A45ED352-C98C-4325-891C-D73BE7432A25}.Debug|Any CPU.Build.0 = Debug|Any CPU
		{A45ED352-C98C-4325-891C-D73BE7432A25}.Release|Any CPU.ActiveCfg = Release|Any CPU
		{A45ED352-C98C-4325-891C-D73BE7432A25}.Release|Any CPU.Build.0 = Release|Any CPU
		{F74E0328-3079-44AE-AFB0-5B73FDFD12C1}.Debug|Any CPU.ActiveCfg = Debug|Any CPU
		{F74E0328-3079-44AE-AFB0-5B73FDFD12C1}.Debug|Any CPU.Build.0 = Debug|Any CPU
		{F74E0328-3079-44AE-AFB0-5B73FDFD12C1}.Release|Any CPU.ActiveCfg = Release|Any CPU
		{F74E0328-3079-44AE-AFB0-5B73FDFD12C1}.Release|Any CPU.Build.0 = Release|Any CPU
	EndGlobalSection
	GlobalSection(SolutionProperties) = preSolution
		HideSolutionNode = FALSE
	EndGlobalSection
	GlobalSection(ExtensibilityGlobals) = postSolution
		SolutionGuid = {B6F9E2F6-567C-463F-8077-8DC9CC862153}
	EndGlobalSection
EndGlobal
